
Microsoft Visual Studio Solution File, Format Version 12.00
# Visual Studio Version 17
VisualStudioVersion = 17.9.34728.123
MinimumVisualStudioVersion = 10.0.40219.1
Project("{FAE04EC0-301F-11D3-BF4B-00C04F79EFBC}") = "myapp1", "myapp1\myapp1.csproj", "{09DFA2ED-E685-4E6E-8D7C-BA7CFB7A42A7}"
EndProject
Global
	GlobalSection(SolutionConfigurationPlatforms) = preSolution
		Debug|Any CPU = Debug|Any CPU
		Release|Any CPU = Release|Any CPU
	EndGlobalSection
	GlobalSection(ProjectConfigurationPlatforms) = postSolution
		{09DFA2ED-E685-4E6E-8D7C-BA7CFB7A42A7}.Debug|Any CPU.ActiveCfg = Debug|Any CPU
		{09DFA2ED-E685-4E6E-8D7C-BA7CFB7A42A7}.Debug|Any CPU.Build.0 = Debug|Any CPU
		{09DFA2ED-E685-4E6E-8D7C-BA7CFB7A42A7}.Release|Any CPU.ActiveCfg = Release|Any CPU
		{09DFA2ED-E685-4E6E-8D7C-BA7CFB7A42A7}.Release|Any CPU.Build.0 = Release|Any CPU
	EndGlobalSection
	GlobalSection(SolutionProperties) = preSolution
		HideSolutionNode = FALSE
	EndGlobalSection
	GlobalSection(ExtensibilityGlobals) = postSolution
		SolutionGuid = {9A7331CE-20FF-4488-BB95-4A12E6160A27}
	EndGlobalSection
EndGlobal
